
Microsoft Visual Studio Solution File, Format Version 12.00
# Visual Studio Version 16
VisualStudioVersion = 16.0.32228.343
MinimumVisualStudioVersion = 10.0.40219.1
Project("{FAE04EC0-301F-11D3-BF4B-00C04F79EFBC}") = "RPAprojectFW", "RPAprojectFW\RPAprojectFW.csproj", "{4CF21C93-169A-492F-ABEC-2704DFE77B9A}"
EndProject
Project("{FAE04EC0-301F-11D3-BF4B-00C04F79EFBC}") = "RPAprojectUnitTest", "RPAprojectUnitTest\RPAprojectUnitTest.csproj", "{4BD5AD41-DE07-4B14-B32E-67C7BD094231}"
EndProject
Global
	GlobalSection(SolutionConfigurationPlatforms) = preSolution
		Debug|Any CPU = Debug|Any CPU
		Release|Any CPU = Release|Any CPU
	EndGlobalSection
	GlobalSection(ProjectConfigurationPlatforms) = postSolution
		{4CF21C93-169A-492F-ABEC-2704DFE77B9A}.Debug|Any CPU.ActiveCfg = Debug|Any CPU
		{4CF21C93-169A-492F-ABEC-2704DFE77B9A}.Debug|Any CPU.Build.0 = Debug|Any CPU
		{4CF21C93-169A-492F-ABEC-2704DFE77B9A}.Release|Any CPU.ActiveCfg = Release|Any CPU
		{4CF21C93-169A-492F-ABEC-2704DFE77B9A}.Release|Any CPU.Build.0 = Release|Any CPU
		{4BD5AD41-DE07-4B14-B32E-67C7BD094231}.Debug|Any CPU.ActiveCfg = Debug|Any CPU
		{4BD5AD41-DE07-4B14-B32E-67C7BD094231}.Debug|Any CPU.Build.0 = Debug|Any CPU
		{4BD5AD41-DE07-4B14-B32E-67C7BD094231}.Release|Any CPU.ActiveCfg = Release|Any CPU
		{4BD5AD41-DE07-4B14-B32E-67C7BD094231}.Release|Any CPU.Build.0 = Release|Any CPU
	EndGlobalSection
	GlobalSection(SolutionProperties) = preSolution
		HideSolutionNode = FALSE
	EndGlobalSection
	GlobalSection(ExtensibilityGlobals) = postSolution
		SolutionGuid = {656D1CAA-C150-4743-BA8E-A40E9A1203A3}
	EndGlobalSection
EndGlobal
